{
    "_readme": [
        "This file locks the dependencies of your project to a known state",
        "Read more about it at https://getcomposer.org/doc/01-basic-usage.md#composer-lock-the-lock-file",
        "This file is @generated automatically"
    ],
    "hash": "50b6c43eb9bacacebc5621ea44e79795",
    "content-hash": "ae7d014a46e5515a25838818b52cc7ac",
    "packages": [
        {
            "name": "facebook/graph-sdk",
            "version": "5.4.0",
            "source": {
                "type": "git",
                "url": "https://github.com/facebook/php-graph-sdk.git",
                "reference": "c69c3c0bb304ec1fe9400b4bc47ab641c9002eee"
            },
            "dist": {
                "type": "zip",
                "url": "https://api.github.com/repos/facebook/php-graph-sdk/zipball/c69c3c0bb304ec1fe9400b4bc47ab641c9002eee",
                "reference": "c69c3c0bb304ec1fe9400b4bc47ab641c9002eee",
                "shasum": ""
            },
            "require": {
                "php": "^5.4|^7.0"
            },
            "require-dev": {
                "guzzlehttp/guzzle": "~5.0",
                "mockery/mockery": "~0.8",
                "phpunit/phpunit": "~4.0"
            },
            "suggest": {
                "guzzlehttp/guzzle": "Allows for implementation of the Guzzle HTTP client"
            },
            "type": "library",
            "extra": {
                "branch-alias": {
                    "dev-master": "5.x-dev"
                }
            },
            "autoload": {
                "psr-4": {
                    "Facebook\\": "src/Facebook/"
                },
                "files": [
                    "src/Facebook/polyfills.php"
                ]
            },
            "notification-url": "https://packagist.org/downloads/",
            "license": [
                "Facebook Platform"
            ],
            "authors": [
                {
                    "name": "Facebook",
                    "homepage": "https://github.com/facebook/php-graph-sdk/contributors"
                }
            ],
            "description": "Facebook SDK for PHP",
            "homepage": "https://github.com/facebook/php-graph-sdk",
            "keywords": [
                "facebook",
                "sdk"
            ],
            "time": "2016-10-12 18:53:27"
        },
        {
            "name": "hari/pw-module",
            "version": "1.0.0",
            "source": {
                "type": "git",
                "url": "https://github.com/harikt/pwmoduleinstaller.git",
                "reference": "72baf9e2a6c810f09ce67a9f2c1ce079e57bea43"
            },
            "dist": {
                "type": "zip",
                "url": "https://api.github.com/repos/harikt/pwmoduleinstaller/zipball/72baf9e2a6c810f09ce67a9f2c1ce079e57bea43",
                "reference": "72baf9e2a6c810f09ce67a9f2c1ce079e57bea43",
                "shasum": ""
            },
            "type": "composer-installer",
            "extra": {
                "class": "PW\\Composer\\SystemInstaller"
            },
            "autoload": {
                "psr-0": {
                    "PW\\Composer\\": "src/"
                }
            },
            "notification-url": "https://packagist.org/downloads/",
            "license": [
                "BSD-2-Clause"
            ],
            "authors": [
                {
                    "name": "Paul M. Jones",
                    "email": "pmjones88@gmail.com",
                    "homepage": "http://paul-m-jones.com"
                },
                {
                    "name": "Hari KT",
                    "email": "kthari85@gmail.com",
                    "homepage": "http://harikt.com"
                },
                {
                    "name": "Kyle Robinson Young",
                    "email": "kyle@dontkry.com",
                    "homepage": "https://github.com/shama"
                }
            ],
            "description": "Installs processwire 3rd party modules to PW system \"site/modules\" directory.",
            "keywords": [
                "installer",
                "module",
                "processwire"
            ],
            "time": "2016-03-11 04:01:22"
        },
        {
            "name": "hybridauth/hybridauth",
            "version": "v2.8.2",
            "source": {
                "type": "git",
                "url": "https://github.com/hybridauth/hybridauth.git",
                "reference": "36d52f0f66d6f7584167a243a11b592b5a6bcead"
            },
            "dist": {
                "type": "zip",
                "url": "https://api.github.com/repos/hybridauth/hybridauth/zipball/36d52f0f66d6f7584167a243a11b592b5a6bcead",
                "reference": "36d52f0f66d6f7584167a243a11b592b5a6bcead",
                "shasum": ""
            },
            "require": {
                "ext-curl": "*",
                "facebook/graph-sdk": "^5.4",
                "php": ">=5.2.0"
            },
            "type": "library",
            "autoload": {
                "psr-0": {
                    "Hybrid": "hybridauth/"
                },
                "classmap": [
                    "hybridauth/Hybrid"
                ]
            },
            "notification-url": "https://packagist.org/downloads/",
            "license": [
                "(MIT or GPL-3.0+)"
            ],
            "authors": [
                {
                    "name": "Miled",
                    "email": "hybridauth@gmail.com"
                }
            ],
            "description": "Open source social sign on PHP library.",
            "homepage": "http://hybridauth.sourceforge.net",
            "keywords": [
                "OpenId",
                "facebook",
                "google",
                "hybridauth",
                "login",
                "oauth",
                "social",
                "twitter",
                "yahoo"
            ],
            "time": "2016-12-09 16:04:35"
        }
    ],
    "packages-dev": [],
    "aliases": [],
    "minimum-stability": "dev",
    "stability-flags": [],
    "prefer-stable": false,
    "prefer-lowest": false,
    "platform": {
        "php": ">=5.3.0"
    },
    "platform-dev": []
}
